
Microsoft Visual Studio Solution File, Format Version 12.00
# Visual Studio Version 17
VisualStudioVersion = 17.5.33414.496
MinimumVisualStudioVersion = 10.0.40219.1
Project("{8BC9CEB8-8B4A-11D0-8D11-00A0C91BC942}") = "tagged-logger", "tagged-logger\tagged-logger.vcxproj", "{CF57ADF3-ACC8-4488-8985-413361C33556}"
EndProject
Global
	GlobalSection(SolutionConfigurationPlatforms) = preSolution
		Debug|ARM64 = Debug|ARM64
		Debug|x64 = Debug|x64
		Release|ARM64 = Release|ARM64
		Release|x64 = Release|x64
	EndGlobalSection
	GlobalSection(ProjectConfigurationPlatforms) = postSolution
		{CF57ADF3-ACC8-4488-8985-413361C33556}.Debug|ARM64.ActiveCfg = Debug|ARM64
		{CF57ADF3-ACC8-4488-8985-413361C33556}.Debug|ARM64.Build.0 = Debug|ARM64
		{CF57ADF3-ACC8-4488-8985-413361C33556}.Debug|ARM64.Deploy.0 = Debug|ARM64
		{CF57ADF3-ACC8-4488-8985-413361C33556}.Debug|x64.ActiveCfg = Debug|x64
		{CF57ADF3-ACC8-4488-8985-413361C33556}.Debug|x64.Build.0 = Debug|x64
		{CF57ADF3-ACC8-4488-8985-413361C33556}.Debug|x64.Deploy.0 = Debug|x64
		{CF57ADF3-ACC8-4488-8985-413361C33556}.Release|ARM64.ActiveCfg = Release|ARM64
		{CF57ADF3-ACC8-4488-8985-413361C33556}.Release|ARM64.Build.0 = Release|ARM64
		{CF57ADF3-ACC8-4488-8985-413361C33556}.Release|ARM64.Deploy.0 = Release|ARM64
		{CF57ADF3-ACC8-4488-8985-413361C33556}.Release|x64.ActiveCfg = Release|x64
		{CF57ADF3-ACC8-4488-8985-413361C33556}.Release|x64.Build.0 = Release|x64
		{CF57ADF3-ACC8-4488-8985-413361C33556}.Release|x64.Deploy.0 = Release|x64
	EndGlobalSection
	GlobalSection(SolutionProperties) = preSolution
		HideSolutionNode = FALSE
	EndGlobalSection
	GlobalSection(ExtensibilityGlobals) = postSolution
		SolutionGuid = {401F2EBF-A915-433A-9D36-1612F20728D1}
	EndGlobalSection
EndGlobal
