
Microsoft Visual Studio Solution File, Format Version 12.00
# Visual Studio Version 17
VisualStudioVersion = 17.4.33403.182
MinimumVisualStudioVersion = 10.0.40219.1
Project("{8BC9CEB8-8B4A-11D0-8D11-00A0C91BC942}") = "os-version-driver", "os-version-driver\os-version-driver.vcxproj", "{5DA14D9B-89E6-41A6-85F0-9A601CF4E3A6}"
EndProject
Global
	GlobalSection(SolutionConfigurationPlatforms) = preSolution
		Debug|ARM64 = Debug|ARM64
		Debug|x64 = Debug|x64
		Release|ARM64 = Release|ARM64
		Release|x64 = Release|x64
	EndGlobalSection
	GlobalSection(ProjectConfigurationPlatforms) = postSolution
		{5DA14D9B-89E6-41A6-85F0-9A601CF4E3A6}.Debug|ARM64.ActiveCfg = Debug|ARM64
		{5DA14D9B-89E6-41A6-85F0-9A601CF4E3A6}.Debug|ARM64.Build.0 = Debug|ARM64
		{5DA14D9B-89E6-41A6-85F0-9A601CF4E3A6}.Debug|ARM64.Deploy.0 = Debug|ARM64
		{5DA14D9B-89E6-41A6-85F0-9A601CF4E3A6}.Debug|x64.ActiveCfg = Debug|x64
		{5DA14D9B-89E6-41A6-85F0-9A601CF4E3A6}.Debug|x64.Build.0 = Debug|x64
		{5DA14D9B-89E6-41A6-85F0-9A601CF4E3A6}.Debug|x64.Deploy.0 = Debug|x64
		{5DA14D9B-89E6-41A6-85F0-9A601CF4E3A6}.Release|ARM64.ActiveCfg = Release|ARM64
		{5DA14D9B-89E6-41A6-85F0-9A601CF4E3A6}.Release|ARM64.Build.0 = Release|ARM64
		{5DA14D9B-89E6-41A6-85F0-9A601CF4E3A6}.Release|ARM64.Deploy.0 = Release|ARM64
		{5DA14D9B-89E6-41A6-85F0-9A601CF4E3A6}.Release|x64.ActiveCfg = Release|x64
		{5DA14D9B-89E6-41A6-85F0-9A601CF4E3A6}.Release|x64.Build.0 = Release|x64
		{5DA14D9B-89E6-41A6-85F0-9A601CF4E3A6}.Release|x64.Deploy.0 = Release|x64
	EndGlobalSection
	GlobalSection(SolutionProperties) = preSolution
		HideSolutionNode = FALSE
	EndGlobalSection
	GlobalSection(ExtensibilityGlobals) = postSolution
		SolutionGuid = {31809708-6FA2-4FF9-8CEA-0B3D2C243B3E}
	EndGlobalSection
EndGlobal
